// !$*UTF8*$!
{
	archiveVersion = 1;
	classes = {
	};
	objectVersion = 56;
	objects = {

/* Begin PBXBuildFile section */
		FA41D2392DB97DA000C85EF6 /* network-interfaces.service.swift in Sources */ = {isa = PBXBuildFile; fileRef = FA41D2382DB97DA000C85EF6 /* network-interfaces.service.swift */; };
		FA41D23B2DBA7BC400C85EF6 /* network-interface.swift in Sources */ = {isa = PBXBuildFile; fileRef = FA41D23A2DBA7BC400C85EF6 /* network-interface.swift */; };
		FA41D23D2DBA7F7A00C85EF6 /* append-and-return.swift in Sources */ = {isa = PBXBuildFile; fileRef = FA41D23C2DBA7F7A00C85EF6 /* append-and-return.swift */; };
		FA41D23F2DBAA4F200C85EF6 /* network-interfaces.view-model.swift in Sources */ = {isa = PBXBuildFile; fileRef = FA41D23E2DBAA4F200C85EF6 /* network-interfaces.view-model.swift */; };
		FA41D2412DBBA15F00C85EF6 /* processes.service.swift in Sources */ = {isa = PBXBuildFile; fileRef = FA41D2402DBBA15F00C85EF6 /* processes.service.swift */; };
		FA41D2432DBBAC9A00C85EF6 /* process-snapshot.swift in Sources */ = {isa = PBXBuildFile; fileRef = FA41D2422DBBAC9900C85EF6 /* process-snapshot.swift */; };
		FA41D2452DBBCFAA00C85EF6 /* processes.view-model.swift in Sources */ = {isa = PBXBuildFile; fileRef = FA41D2442DBBCFAA00C85EF6 /* processes.view-model.swift */; };
		FA8518EC2DBFF37C00102959 /* geolocation.service.swift in Sources */ = {isa = PBXBuildFile; fileRef = FA8518EB2DBFF37C00102959 /* geolocation.service.swift */; };
		FA8518EE2DBFF43900102959 /* geolocation.swift in Sources */ = {isa = PBXBuildFile; fileRef = FA8518ED2DBFF43900102959 /* geolocation.swift */; };
		FA8518F02DBFF69C00102959 /* geolocation.view-model.swift in Sources */ = {isa = PBXBuildFile; fileRef = FA8518EF2DBFF69C00102959 /* geolocation.view-model.swift */; };
		FA8518F22DC023BD00102959 /* swap-usage.swift in Sources */ = {isa = PBXBuildFile; fileRef = FA8518F12DC023BD00102959 /* swap-usage.swift */; };
		FA8518F42DC0E2D200102959 /* applications.service.swift in Sources */ = {isa = PBXBuildFile; fileRef = FA8518F32DC0E2D200102959 /* applications.service.swift */; };
		FA8518F62DC0FD6300102959 /* application.swift in Sources */ = {isa = PBXBuildFile; fileRef = FA8518F52DC0FD6300102959 /* application.swift */; };
		FA8518F82DC1101800102959 /* applications.view-model.swift in Sources */ = {isa = PBXBuildFile; fileRef = FA8518F72DC1101800102959 /* applications.view-model.swift */; };
		FA8518FA2DC2409400102959 /* bundle-handler.swift in Sources */ = {isa = PBXBuildFile; fileRef = FA8518F92DC2409400102959 /* bundle-handler.swift */; };
		FA8518FC2DC4F47900102959 /* usb.service.swift in Sources */ = {isa = PBXBuildFile; fileRef = FA8518FB2DC4F47900102959 /* usb.service.swift */; };
		FA8518FE2DC94BE600102959 /* usb-event.swift in Sources */ = {isa = PBXBuildFile; fileRef = FA8518FD2DC94BE600102959 /* usb-event.swift */; };
		FA8519002DC95FC900102959 /* usb.view-model.swift in Sources */ = {isa = PBXBuildFile; fileRef = FA8518FF2DC95FC900102959 /* usb.view-model.swift */; };
		FAA790902DB84C3900ABA487 /* wifi.swift in Sources */ = {isa = PBXBuildFile; fileRef = FAA7908F2DB84C3900ABA487 /* wifi.swift */; };
		FAB178B32DB1256900D75037 /* almaden_agentApp.swift in Sources */ = {isa = PBXBuildFile; fileRef = FAB178B22DB1256900D75037 /* almaden_agentApp.swift */; };
		FAB178B52DB1256900D75037 /* ContentView.swift in Sources */ = {isa = PBXBuildFile; fileRef = FAB178B42DB1256900D75037 /* ContentView.swift */; };
		FAB178B72DB1256B00D75037 /* Assets.xcassets in Resources */ = {isa = PBXBuildFile; fileRef = FAB178B62DB1256B00D75037 /* Assets.xcassets */; };
		FAB178BA2DB1256B00D75037 /* Preview Assets.xcassets in Resources */ = {isa = PBXBuildFile; fileRef = FAB178B92DB1256B00D75037 /* Preview Assets.xcassets */; };
		FAB178C52DB1256B00D75037 /* almaden_agentTests.swift in Sources */ = {isa = PBXBuildFile; fileRef = FAB178C42DB1256B00D75037 /* almaden_agentTests.swift */; };
		FAB178CF2DB1256B00D75037 /* almaden_agentUITests.swift in Sources */ = {isa = PBXBuildFile; fileRef = FAB178CE2DB1256B00D75037 /* almaden_agentUITests.swift */; };
		FAB178D12DB1256B00D75037 /* almaden_agentUITestsLaunchTests.swift in Sources */ = {isa = PBXBuildFile; fileRef = FAB178D02DB1256B00D75037 /* almaden_agentUITestsLaunchTests.swift */; };
		FAB178E02DB12DAF00D75037 /* system-info.swift in Sources */ = {isa = PBXBuildFile; fileRef = FAB178DF2DB12DAF00D75037 /* system-info.swift */; };
		FAB178E22DB12E6C00D75037 /* system-info.view-model.swift in Sources */ = {isa = PBXBuildFile; fileRef = FAB178E12DB12E6C00D75037 /* system-info.view-model.swift */; };
		FAB178E52DB12F1A00D75037 /* system-info.service.swift in Sources */ = {isa = PBXBuildFile; fileRef = FAB178E42DB12F1A00D75037 /* system-info.service.swift */; };
		FAB178E72DB141BC00D75037 /* ram-memory-consumption.swift in Sources */ = {isa = PBXBuildFile; fileRef = FAB178E62DB141BC00D75037 /* ram-memory-consumption.swift */; };
		FAB178E92DB1428200D75037 /* ram-memory-consumption.service.swift in Sources */ = {isa = PBXBuildFile; fileRef = FAB178E82DB1428200D75037 /* ram-memory-consumption.service.swift */; };
		FAB178EB2DB1449100D75037 /* ram-memory-consumption.view-model.swift in Sources */ = {isa = PBXBuildFile; fileRef = FAB178EA2DB1449100D75037 /* ram-memory-consumption.view-model.swift */; };
		FAB178ED2DB176F900D75037 /* storage-consumption.swift in Sources */ = {isa = PBXBuildFile; fileRef = FAB178EC2DB176F900D75037 /* storage-consumption.swift */; };
		FAB178EF2DB1789F00D75037 /* storage-consumption.service.swift in Sources */ = {isa = PBXBuildFile; fileRef = FAB178EE2DB1789F00D75037 /* storage-consumption.service.swift */; };
		FAB178F12DB17C5800D75037 /* storage-consumption-view-model.swift in Sources */ = {isa = PBXBuildFile; fileRef = FAB178F02DB17C5800D75037 /* storage-consumption-view-model.swift */; };
		FAB178F42DB17D2200D75037 /* byte-formatter.swift in Sources */ = {isa = PBXBuildFile; fileRef = FAB178F32DB17D2200D75037 /* byte-formatter.swift */; };
		FAB178F62DB271F900D75037 /* cpu-consumption.swift in Sources */ = {isa = PBXBuildFile; fileRef = FAB178F52DB271F900D75037 /* cpu-consumption.swift */; };
		FAB178F82DB273CC00D75037 /* cpu-consumption.service.swift in Sources */ = {isa = PBXBuildFile; fileRef = FAB178F72DB273CC00D75037 /* cpu-consumption.service.swift */; };
		FAB178FA2DB274B900D75037 /* system-ctl-by-name.swift in Sources */ = {isa = PBXBuildFile; fileRef = FAB178F92DB274B900D75037 /* system-ctl-by-name.swift */; };
		FAB178FC2DB27FF700D75037 /* cpu-consumption.view-model.swift in Sources */ = {isa = PBXBuildFile; fileRef = FAB178FB2DB27FF700D75037 /* cpu-consumption.view-model.swift */; };
		FAB178FE2DB3C08000D75037 /* battery-info.swift in Sources */ = {isa = PBXBuildFile; fileRef = FAB178FD2DB3C08000D75037 /* battery-info.swift */; };
		FAB179002DB3C0C800D75037 /* battery-consumption.service.swift in Sources */ = {isa = PBXBuildFile; fileRef = FAB178FF2DB3C0C800D75037 /* battery-consumption.service.swift */; };
		FAB179052DB3C6F700D75037 /* IOKit.framework in Frameworks */ = {isa = PBXBuildFile; fileRef = FAB179042DB3C6F700D75037 /* IOKit.framework */; };
		FAB179072DB3C8C400D75037 /* battery-consumption.view-model.swift in Sources */ = {isa = PBXBuildFile; fileRef = FAB179062DB3C8C400D75037 /* battery-consumption.view-model.swift */; };
		FAB179092DB3CD1300D75037 /* arch.swift in Sources */ = {isa = PBXBuildFile; fileRef = FAB179082DB3CD1300D75037 /* arch.swift */; };
		FAB1790B2DB7EC7E00D75037 /* terminal-parser.swift in Sources */ = {isa = PBXBuildFile; fileRef = FAB1790A2DB7EC7E00D75037 /* terminal-parser.swift */; };
		FAB1790D2DB845B600D75037 /* wifi.service.swift in Sources */ = {isa = PBXBuildFile; fileRef = FAB1790C2DB845B600D75037 /* wifi.service.swift */; };
		FAB1790F2DB845E400D75037 /* wifi.view-model.swift in Sources */ = {isa = PBXBuildFile; fileRef = FAB1790E2DB845E400D75037 /* wifi.view-model.swift */; };
/* End PBXBuildFile section */

/* Begin PBXContainerItemProxy section */
		FAB178C12DB1256B00D75037 /* PBXContainerItemProxy */ = {
			isa = PBXContainerItemProxy;
			containerPortal = FAB178A72DB1256900D75037 /* Project object */;
			proxyType = 1;
			remoteGlobalIDString = FAB178AE2DB1256900D75037;
			remoteInfo = "almaden-agent";
		};
		FAB178CB2DB1256B00D75037 /* PBXContainerItemProxy */ = {
			isa = PBXContainerItemProxy;
			containerPortal = FAB178A72DB1256900D75037 /* Project object */;
			proxyType = 1;
			remoteGlobalIDString = FAB178AE2DB1256900D75037;
			remoteInfo = "almaden-agent";
		};
/* End PBXContainerItemProxy section */

/* Begin PBXFileReference section */
		FA2044CD2DB8518B00D99393 /* Info.plist */ = {isa = PBXFileReference; lastKnownFileType = text.plist; path = Info.plist; sourceTree = "<group>"; };
		FA41D2382DB97DA000C85EF6 /* network-interfaces.service.swift */ = {isa = PBXFileReference; lastKnownFileType = sourcecode.swift; path = "network-interfaces.service.swift"; sourceTree = "<group>"; };
		FA41D23A2DBA7BC400C85EF6 /* network-interface.swift */ = {isa = PBXFileReference; lastKnownFileType = sourcecode.swift; path = "network-interface.swift"; sourceTree = "<group>"; };
		FA41D23C2DBA7F7A00C85EF6 /* append-and-return.swift */ = {isa = PBXFileReference; lastKnownFileType = sourcecode.swift; path = "append-and-return.swift"; sourceTree = "<group>"; };
		FA41D23E2DBAA4F200C85EF6 /* network-interfaces.view-model.swift */ = {isa = PBXFileReference; lastKnownFileType = sourcecode.swift; path = "network-interfaces.view-model.swift"; sourceTree = "<group>"; };
		FA41D2402DBBA15F00C85EF6 /* processes.service.swift */ = {isa = PBXFileReference; lastKnownFileType = sourcecode.swift; path = processes.service.swift; sourceTree = "<group>"; };
		FA41D2422DBBAC9900C85EF6 /* process-snapshot.swift */ = {isa = PBXFileReference; lastKnownFileType = sourcecode.swift; path = "process-snapshot.swift"; sourceTree = "<group>"; };
		FA41D2442DBBCFAA00C85EF6 /* processes.view-model.swift */ = {isa = PBXFileReference; lastKnownFileType = sourcecode.swift; path = "processes.view-model.swift"; sourceTree = "<group>"; };
		FA8518EB2DBFF37C00102959 /* geolocation.service.swift */ = {isa = PBXFileReference; lastKnownFileType = sourcecode.swift; path = geolocation.service.swift; sourceTree = "<group>"; };
		FA8518ED2DBFF43900102959 /* geolocation.swift */ = {isa = PBXFileReference; lastKnownFileType = sourcecode.swift; path = geolocation.swift; sourceTree = "<group>"; };
		FA8518EF2DBFF69C00102959 /* geolocation.view-model.swift */ = {isa = PBXFileReference; lastKnownFileType = sourcecode.swift; path = "geolocation.view-model.swift"; sourceTree = "<group>"; };
		FA8518F12DC023BD00102959 /* swap-usage.swift */ = {isa = PBXFileReference; lastKnownFileType = sourcecode.swift; path = "swap-usage.swift"; sourceTree = "<group>"; };
		FA8518F32DC0E2D200102959 /* applications.service.swift */ = {isa = PBXFileReference; lastKnownFileType = sourcecode.swift; path = applications.service.swift; sourceTree = "<group>"; };
		FA8518F52DC0FD6300102959 /* application.swift */ = {isa = PBXFileReference; lastKnownFileType = sourcecode.swift; path = application.swift; sourceTree = "<group>"; };
		FA8518F72DC1101800102959 /* applications.view-model.swift */ = {isa = PBXFileReference; lastKnownFileType = sourcecode.swift; path = "applications.view-model.swift"; sourceTree = "<group>"; };
		FA8518F92DC2409400102959 /* bundle-handler.swift */ = {isa = PBXFileReference; lastKnownFileType = sourcecode.swift; path = "bundle-handler.swift"; sourceTree = "<group>"; };
		FA8518FB2DC4F47900102959 /* usb.service.swift */ = {isa = PBXFileReference; lastKnownFileType = sourcecode.swift; path = usb.service.swift; sourceTree = "<group>"; };
		FA8518FD2DC94BE600102959 /* usb-event.swift */ = {isa = PBXFileReference; lastKnownFileType = sourcecode.swift; path = "usb-event.swift"; sourceTree = "<group>"; };
		FA8518FF2DC95FC900102959 /* usb.view-model.swift */ = {isa = PBXFileReference; lastKnownFileType = sourcecode.swift; path = "usb.view-model.swift"; sourceTree = "<group>"; };
		FAA7908F2DB84C3900ABA487 /* wifi.swift */ = {isa = PBXFileReference; lastKnownFileType = sourcecode.swift; path = wifi.swift; sourceTree = "<group>"; };
		FAB178AF2DB1256900D75037 /* almaden-agent.app */ = {isa = PBXFileReference; explicitFileType = wrapper.application; includeInIndex = 0; path = "almaden-agent.app"; sourceTree = BUILT_PRODUCTS_DIR; };
		FAB178B22DB1256900D75037 /* almaden_agentApp.swift */ = {isa = PBXFileReference; lastKnownFileType = sourcecode.swift; path = almaden_agentApp.swift; sourceTree = "<group>"; };
		FAB178B42DB1256900D75037 /* ContentView.swift */ = {isa = PBXFileReference; lastKnownFileType = sourcecode.swift; path = ContentView.swift; sourceTree = "<group>"; };
		FAB178B62DB1256B00D75037 /* Assets.xcassets */ = {isa = PBXFileReference; lastKnownFileType = folder.assetcatalog; path = Assets.xcassets; sourceTree = "<group>"; };
		FAB178B92DB1256B00D75037 /* Preview Assets.xcassets */ = {isa = PBXFileReference; lastKnownFileType = folder.assetcatalog; path = "Preview Assets.xcassets"; sourceTree = "<group>"; };
		FAB178BB2DB1256B00D75037 /* almaden_agent.entitlements */ = {isa = PBXFileReference; lastKnownFileType = text.plist.entitlements; path = almaden_agent.entitlements; sourceTree = "<group>"; };
		FAB178C02DB1256B00D75037 /* almaden-agentTests.xctest */ = {isa = PBXFileReference; explicitFileType = wrapper.cfbundle; includeInIndex = 0; path = "almaden-agentTests.xctest"; sourceTree = BUILT_PRODUCTS_DIR; };
		FAB178C42DB1256B00D75037 /* almaden_agentTests.swift */ = {isa = PBXFileReference; lastKnownFileType = sourcecode.swift; path = almaden_agentTests.swift; sourceTree = "<group>"; };
		FAB178CA2DB1256B00D75037 /* almaden-agentUITests.xctest */ = {isa = PBXFileReference; explicitFileType = wrapper.cfbundle; includeInIndex = 0; path = "almaden-agentUITests.xctest"; sourceTree = BUILT_PRODUCTS_DIR; };
		FAB178CE2DB1256B00D75037 /* almaden_agentUITests.swift */ = {isa = PBXFileReference; lastKnownFileType = sourcecode.swift; path = almaden_agentUITests.swift; sourceTree = "<group>"; };
		FAB178D02DB1256B00D75037 /* almaden_agentUITestsLaunchTests.swift */ = {isa = PBXFileReference; lastKnownFileType = sourcecode.swift; path = almaden_agentUITestsLaunchTests.swift; sourceTree = "<group>"; };
		FAB178DF2DB12DAF00D75037 /* system-info.swift */ = {isa = PBXFileReference; lastKnownFileType = sourcecode.swift; path = "system-info.swift"; sourceTree = "<group>"; };
		FAB178E12DB12E6C00D75037 /* system-info.view-model.swift */ = {isa = PBXFileReference; lastKnownFileType = sourcecode.swift; path = "system-info.view-model.swift"; sourceTree = "<group>"; };
		FAB178E42DB12F1A00D75037 /* system-info.service.swift */ = {isa = PBXFileReference; lastKnownFileType = sourcecode.swift; path = "system-info.service.swift"; sourceTree = "<group>"; };
		FAB178E62DB141BC00D75037 /* ram-memory-consumption.swift */ = {isa = PBXFileReference; lastKnownFileType = sourcecode.swift; path = "ram-memory-consumption.swift"; sourceTree = "<group>"; };
		FAB178E82DB1428200D75037 /* ram-memory-consumption.service.swift */ = {isa = PBXFileReference; lastKnownFileType = sourcecode.swift; path = "ram-memory-consumption.service.swift"; sourceTree = "<group>"; };
		FAB178EA2DB1449100D75037 /* ram-memory-consumption.view-model.swift */ = {isa = PBXFileReference; lastKnownFileType = sourcecode.swift; path = "ram-memory-consumption.view-model.swift"; sourceTree = "<group>"; };
		FAB178EC2DB176F900D75037 /* storage-consumption.swift */ = {isa = PBXFileReference; lastKnownFileType = sourcecode.swift; path = "storage-consumption.swift"; sourceTree = "<group>"; };
		FAB178EE2DB1789F00D75037 /* storage-consumption.service.swift */ = {isa = PBXFileReference; lastKnownFileType = sourcecode.swift; path = "storage-consumption.service.swift"; sourceTree = "<group>"; };
		FAB178F02DB17C5800D75037 /* storage-consumption-view-model.swift */ = {isa = PBXFileReference; lastKnownFileType = sourcecode.swift; path = "storage-consumption-view-model.swift"; sourceTree = "<group>"; };
		FAB178F32DB17D2200D75037 /* byte-formatter.swift */ = {isa = PBXFileReference; lastKnownFileType = sourcecode.swift; path = "byte-formatter.swift"; sourceTree = "<group>"; };
		FAB178F52DB271F900D75037 /* cpu-consumption.swift */ = {isa = PBXFileReference; lastKnownFileType = sourcecode.swift; path = "cpu-consumption.swift"; sourceTree = "<group>"; };
		FAB178F72DB273CC00D75037 /* cpu-consumption.service.swift */ = {isa = PBXFileReference; lastKnownFileType = sourcecode.swift; path = "cpu-consumption.service.swift"; sourceTree = "<group>"; };
		FAB178F92DB274B900D75037 /* system-ctl-by-name.swift */ = {isa = PBXFileReference; lastKnownFileType = sourcecode.swift; path = "system-ctl-by-name.swift"; sourceTree = "<group>"; };
		FAB178FB2DB27FF700D75037 /* cpu-consumption.view-model.swift */ = {isa = PBXFileReference; lastKnownFileType = sourcecode.swift; path = "cpu-consumption.view-model.swift"; sourceTree = "<group>"; };
		FAB178FD2DB3C08000D75037 /* battery-info.swift */ = {isa = PBXFileReference; lastKnownFileType = sourcecode.swift; path = "battery-info.swift"; sourceTree = "<group>"; };
		FAB178FF2DB3C0C800D75037 /* battery-consumption.service.swift */ = {isa = PBXFileReference; lastKnownFileType = sourcecode.swift; path = "battery-consumption.service.swift"; sourceTree = "<group>"; };
		FAB179022DB3C52E00D75037 /* IOKitBridge.h */ = {isa = PBXFileReference; lastKnownFileType = sourcecode.c.h; path = IOKitBridge.h; sourceTree = "<group>"; };
		FAB179042DB3C6F700D75037 /* IOKit.framework */ = {isa = PBXFileReference; lastKnownFileType = wrapper.framework; name = IOKit.framework; path = System/Library/Frameworks/IOKit.framework; sourceTree = SDKROOT; };
		FAB179062DB3C8C400D75037 /* battery-consumption.view-model.swift */ = {isa = PBXFileReference; lastKnownFileType = sourcecode.swift; path = "battery-consumption.view-model.swift"; sourceTree = "<group>"; };
		FAB179082DB3CD1300D75037 /* arch.swift */ = {isa = PBXFileReference; lastKnownFileType = sourcecode.swift; path = arch.swift; sourceTree = "<group>"; };
		FAB1790A2DB7EC7E00D75037 /* terminal-parser.swift */ = {isa = PBXFileReference; lastKnownFileType = sourcecode.swift; path = "terminal-parser.swift"; sourceTree = "<group>"; };
		FAB1790C2DB845B600D75037 /* wifi.service.swift */ = {isa = PBXFileReference; lastKnownFileType = sourcecode.swift; path = wifi.service.swift; sourceTree = "<group>"; };
		FAB1790E2DB845E400D75037 /* wifi.view-model.swift */ = {isa = PBXFileReference; lastKnownFileType = sourcecode.swift; path = "wifi.view-model.swift"; sourceTree = "<group>"; };
/* End PBXFileReference section */

/* Begin PBXFrameworksBuildPhase section */
		FAB178AC2DB1256900D75037 /* Frameworks */ = {
			isa = PBXFrameworksBuildPhase;
			buildActionMask = 2147483647;
			files = (
				FAB179052DB3C6F700D75037 /* IOKit.framework in Frameworks */,
			);
			runOnlyForDeploymentPostprocessing = 0;
		};
		FAB178BD2DB1256B00D75037 /* Frameworks */ = {
			isa = PBXFrameworksBuildPhase;
			buildActionMask = 2147483647;
			files = (
			);
			runOnlyForDeploymentPostprocessing = 0;
		};
		FAB178C72DB1256B00D75037 /* Frameworks */ = {
			isa = PBXFrameworksBuildPhase;
			buildActionMask = 2147483647;
			files = (
			);
			runOnlyForDeploymentPostprocessing = 0;
		};
/* End PBXFrameworksBuildPhase section */

/* Begin PBXGroup section */
		FAB178A62DB1256900D75037 = {
			isa = PBXGroup;
			children = (
				FAB178B12DB1256900D75037 /* almaden-agent */,
				FAB178C32DB1256B00D75037 /* almaden-agentTests */,
				FAB178CD2DB1256B00D75037 /* almaden-agentUITests */,
				FAB178B02DB1256900D75037 /* Products */,
				FAB179032DB3C6F700D75037 /* Frameworks */,
			);
			sourceTree = "<group>";
		};
		FAB178B02DB1256900D75037 /* Products */ = {
			isa = PBXGroup;
			children = (
				FAB178AF2DB1256900D75037 /* almaden-agent.app */,
				FAB178C02DB1256B00D75037 /* almaden-agentTests.xctest */,
				FAB178CA2DB1256B00D75037 /* almaden-agentUITests.xctest */,
			);
			name = Products;
			sourceTree = "<group>";
		};
		FAB178B12DB1256900D75037 /* almaden-agent */ = {
			isa = PBXGroup;
			children = (
				FA2044CD2DB8518B00D99393 /* Info.plist */,
				FAB179012DB3C50F00D75037 /* bridge */,
				FAB178F22DB17D1100D75037 /* helpers */,
				FAB178E32DB12ED500D75037 /* services */,
				FAB178DE2DB12D4A00D75037 /* view-models */,
				FAB178DD2DB12D3C00D75037 /* models */,
				FAB178B22DB1256900D75037 /* almaden_agentApp.swift */,
				FAB178B42DB1256900D75037 /* ContentView.swift */,
				FAB178B62DB1256B00D75037 /* Assets.xcassets */,
				FAB178BB2DB1256B00D75037 /* almaden_agent.entitlements */,
				FAB178B82DB1256B00D75037 /* Preview Content */,
			);
			path = "almaden-agent";
			sourceTree = "<group>";
		};
		FAB178B82DB1256B00D75037 /* Preview Content */ = {
			isa = PBXGroup;
			children = (
				FAB178B92DB1256B00D75037 /* Preview Assets.xcassets */,
			);
			path = "Preview Content";
			sourceTree = "<group>";
		};
		FAB178C32DB1256B00D75037 /* almaden-agentTests */ = {
			isa = PBXGroup;
			children = (
				FAB178C42DB1256B00D75037 /* almaden_agentTests.swift */,
			);
			path = "almaden-agentTests";
			sourceTree = "<group>";
		};
		FAB178CD2DB1256B00D75037 /* almaden-agentUITests */ = {
			isa = PBXGroup;
			children = (
				FAB178CE2DB1256B00D75037 /* almaden_agentUITests.swift */,
				FAB178D02DB1256B00D75037 /* almaden_agentUITestsLaunchTests.swift */,
			);
			path = "almaden-agentUITests";
			sourceTree = "<group>";
		};
		FAB178DD2DB12D3C00D75037 /* models */ = {
			isa = PBXGroup;
			children = (
				FAB178DF2DB12DAF00D75037 /* system-info.swift */,
				FAB178E62DB141BC00D75037 /* ram-memory-consumption.swift */,
				FAB178EC2DB176F900D75037 /* storage-consumption.swift */,
				FAB178F52DB271F900D75037 /* cpu-consumption.swift */,
				FAB178FD2DB3C08000D75037 /* battery-info.swift */,
				FAA7908F2DB84C3900ABA487 /* wifi.swift */,
				FA41D23A2DBA7BC400C85EF6 /* network-interface.swift */,
				FA41D2422DBBAC9900C85EF6 /* process-snapshot.swift */,
				FA8518ED2DBFF43900102959 /* geolocation.swift */,
				FA8518F12DC023BD00102959 /* swap-usage.swift */,
				FA8518F52DC0FD6300102959 /* application.swift */,
				FA8518FD2DC94BE600102959 /* usb-event.swift */,
			);
			path = models;
			sourceTree = "<group>";
		};
		FAB178DE2DB12D4A00D75037 /* view-models */ = {
			isa = PBXGroup;
			children = (
				FAB178E12DB12E6C00D75037 /* system-info.view-model.swift */,
				FAB178EA2DB1449100D75037 /* ram-memory-consumption.view-model.swift */,
				FAB178F02DB17C5800D75037 /* storage-consumption-view-model.swift */,
				FAB178FB2DB27FF700D75037 /* cpu-consumption.view-model.swift */,
				FAB179062DB3C8C400D75037 /* battery-consumption.view-model.swift */,
				FAB1790E2DB845E400D75037 /* wifi.view-model.swift */,
				FA41D23E2DBAA4F200C85EF6 /* network-interfaces.view-model.swift */,
				FA41D2442DBBCFAA00C85EF6 /* processes.view-model.swift */,
				FA8518EF2DBFF69C00102959 /* geolocation.view-model.swift */,
				FA8518F72DC1101800102959 /* applications.view-model.swift */,
				FA8518FF2DC95FC900102959 /* usb.view-model.swift */,
			);
			path = "view-models";
			sourceTree = "<group>";
		};
		FAB178E32DB12ED500D75037 /* services */ = {
			isa = PBXGroup;
			children = (
				FAB178E42DB12F1A00D75037 /* system-info.service.swift */,
				FAB178E82DB1428200D75037 /* ram-memory-consumption.service.swift */,
				FAB178EE2DB1789F00D75037 /* storage-consumption.service.swift */,
				FAB178F72DB273CC00D75037 /* cpu-consumption.service.swift */,
				FAB178FF2DB3C0C800D75037 /* battery-consumption.service.swift */,
				FAB1790C2DB845B600D75037 /* wifi.service.swift */,
				FA41D2382DB97DA000C85EF6 /* network-interfaces.service.swift */,
				FA41D2402DBBA15F00C85EF6 /* processes.service.swift */,
				FA8518EB2DBFF37C00102959 /* geolocation.service.swift */,
				FA8518F32DC0E2D200102959 /* applications.service.swift */,
				FA8518FB2DC4F47900102959 /* usb.service.swift */,
			);
			path = services;
			sourceTree = "<group>";
		};
		FAB178F22DB17D1100D75037 /* helpers */ = {
			isa = PBXGroup;
			children = (
				FAB178F32DB17D2200D75037 /* byte-formatter.swift */,
				FAB178F92DB274B900D75037 /* system-ctl-by-name.swift */,
				FAB179082DB3CD1300D75037 /* arch.swift */,
				FAB1790A2DB7EC7E00D75037 /* terminal-parser.swift */,
				FA41D23C2DBA7F7A00C85EF6 /* append-and-return.swift */,
				FA8518F92DC2409400102959 /* bundle-handler.swift */,
			);
			path = helpers;
			sourceTree = "<group>";
		};
		FAB179012DB3C50F00D75037 /* bridge */ = {
			isa = PBXGroup;
			children = (
				FAB179022DB3C52E00D75037 /* IOKitBridge.h */,
			);
			path = bridge;
			sourceTree = "<group>";
		};
		FAB179032DB3C6F700D75037 /* Frameworks */ = {
			isa = PBXGroup;
			children = (
				FAB179042DB3C6F700D75037 /* IOKit.framework */,
			);
			name = Frameworks;
			sourceTree = "<group>";
		};
/* End PBXGroup section */

/* Begin PBXNativeTarget section */
		FAB178AE2DB1256900D75037 /* almaden-agent */ = {
			isa = PBXNativeTarget;
			buildConfigurationList = FAB178D42DB1256B00D75037 /* Build configuration list for PBXNativeTarget "almaden-agent" */;
			buildPhases = (
				FAB178AB2DB1256900D75037 /* Sources */,
				FAB178AC2DB1256900D75037 /* Frameworks */,
				FAB178AD2DB1256900D75037 /* Resources */,
			);
			buildRules = (
			);
			dependencies = (
			);
			name = "almaden-agent";
			productName = "almaden-agent";
			productReference = FAB178AF2DB1256900D75037 /* almaden-agent.app */;
			productType = "com.apple.product-type.application";
		};
		FAB178BF2DB1256B00D75037 /* almaden-agentTests */ = {
			isa = PBXNativeTarget;
			buildConfigurationList = FAB178D72DB1256B00D75037 /* Build configuration list for PBXNativeTarget "almaden-agentTests" */;
			buildPhases = (
				FAB178BC2DB1256B00D75037 /* Sources */,
				FAB178BD2DB1256B00D75037 /* Frameworks */,
				FAB178BE2DB1256B00D75037 /* Resources */,
			);
			buildRules = (
			);
			dependencies = (
				FAB178C22DB1256B00D75037 /* PBXTargetDependency */,
			);
			name = "almaden-agentTests";
			productName = "almaden-agentTests";
			productReference = FAB178C02DB1256B00D75037 /* almaden-agentTests.xctest */;
			productType = "com.apple.product-type.bundle.unit-test";
		};
		FAB178C92DB1256B00D75037 /* almaden-agentUITests */ = {
			isa = PBXNativeTarget;
			buildConfigurationList = FAB178DA2DB1256B00D75037 /* Build configuration list for PBXNativeTarget "almaden-agentUITests" */;
			buildPhases = (
				FAB178C62DB1256B00D75037 /* Sources */,
				FAB178C72DB1256B00D75037 /* Frameworks */,
				FAB178C82DB1256B00D75037 /* Resources */,
			);
			buildRules = (
			);
			dependencies = (
				FAB178CC2DB1256B00D75037 /* PBXTargetDependency */,
			);
			name = "almaden-agentUITests";
			productName = "almaden-agentUITests";
			productReference = FAB178CA2DB1256B00D75037 /* almaden-agentUITests.xctest */;
			productType = "com.apple.product-type.bundle.ui-testing";
		};
/* End PBXNativeTarget section */

/* Begin PBXProject section */
		FAB178A72DB1256900D75037 /* Project object */ = {
			isa = PBXProject;
			attributes = {
				BuildIndependentTargetsInParallel = 1;
				LastSwiftUpdateCheck = 1530;
				LastUpgradeCheck = 1530;
				TargetAttributes = {
					FAB178AE2DB1256900D75037 = {
						CreatedOnToolsVersion = 15.3;
					};
					FAB178BF2DB1256B00D75037 = {
						CreatedOnToolsVersion = 15.3;
						TestTargetID = FAB178AE2DB1256900D75037;
					};
					FAB178C92DB1256B00D75037 = {
						CreatedOnToolsVersion = 15.3;
						TestTargetID = FAB178AE2DB1256900D75037;
					};
				};
			};
			buildConfigurationList = FAB178AA2DB1256900D75037 /* Build configuration list for PBXProject "almaden-agent" */;
			compatibilityVersion = "Xcode 14.0";
			developmentRegion = en;
			hasScannedForEncodings = 0;
			knownRegions = (
				en,
				Base,
			);
			mainGroup = FAB178A62DB1256900D75037;
			productRefGroup = FAB178B02DB1256900D75037 /* Products */;
			projectDirPath = "";
			projectRoot = "";
			targets = (
				FAB178AE2DB1256900D75037 /* almaden-agent */,
				FAB178BF2DB1256B00D75037 /* almaden-agentTests */,
				FAB178C92DB1256B00D75037 /* almaden-agentUITests */,
			);
		};
/* End PBXProject section */

/* Begin PBXResourcesBuildPhase section */
		FAB178AD2DB1256900D75037 /* Resources */ = {
			isa = PBXResourcesBuildPhase;
			buildActionMask = 2147483647;
			files = (
				FAB178BA2DB1256B00D75037 /* Preview Assets.xcassets in Resources */,
				FAB178B72DB1256B00D75037 /* Assets.xcassets in Resources */,
			);
			runOnlyForDeploymentPostprocessing = 0;
		};
		FAB178BE2DB1256B00D75037 /* Resources */ = {
			isa = PBXResourcesBuildPhase;
			buildActionMask = 2147483647;
			files = (
			);
			runOnlyForDeploymentPostprocessing = 0;
		};
		FAB178C82DB1256B00D75037 /* Resources */ = {
			isa = PBXResourcesBuildPhase;
			buildActionMask = 2147483647;
			files = (
			);
			runOnlyForDeploymentPostprocessing = 0;
		};
/* End PBXResourcesBuildPhase section */

/* Begin PBXSourcesBuildPhase section */
		FAB178AB2DB1256900D75037 /* Sources */ = {
			isa = PBXSourcesBuildPhase;
			buildActionMask = 2147483647;
			files = (
				FA8518EC2DBFF37C00102959 /* geolocation.service.swift in Sources */,
				FA8518FA2DC2409400102959 /* bundle-handler.swift in Sources */,
				FAB178F62DB271F900D75037 /* cpu-consumption.swift in Sources */,
				FAB1790D2DB845B600D75037 /* wifi.service.swift in Sources */,
				FA8518F42DC0E2D200102959 /* applications.service.swift in Sources */,
				FAB1790B2DB7EC7E00D75037 /* terminal-parser.swift in Sources */,
				FAB178EF2DB1789F00D75037 /* storage-consumption.service.swift in Sources */,
				FA41D23D2DBA7F7A00C85EF6 /* append-and-return.swift in Sources */,
				FAB178F12DB17C5800D75037 /* storage-consumption-view-model.swift in Sources */,
				FAB178E22DB12E6C00D75037 /* system-info.view-model.swift in Sources */,
				FA41D2432DBBAC9A00C85EF6 /* process-snapshot.swift in Sources */,
				FAB1790F2DB845E400D75037 /* wifi.view-model.swift in Sources */,
				FAB178B52DB1256900D75037 /* ContentView.swift in Sources */,
				FA8518FC2DC4F47900102959 /* usb.service.swift in Sources */,
				FA8519002DC95FC900102959 /* usb.view-model.swift in Sources */,
				FAB178ED2DB176F900D75037 /* storage-consumption.swift in Sources */,
				FAB179002DB3C0C800D75037 /* battery-consumption.service.swift in Sources */,
				FAB179092DB3CD1300D75037 /* arch.swift in Sources */,
				FA8518EE2DBFF43900102959 /* geolocation.swift in Sources */,
				FAB178E92DB1428200D75037 /* ram-memory-consumption.service.swift in Sources */,
				FAB179072DB3C8C400D75037 /* battery-consumption.view-model.swift in Sources */,
				FAB178EB2DB1449100D75037 /* ram-memory-consumption.view-model.swift in Sources */,
				FAB178FA2DB274B900D75037 /* system-ctl-by-name.swift in Sources */,
				FA41D23F2DBAA4F200C85EF6 /* network-interfaces.view-model.swift in Sources */,
				FA8518F22DC023BD00102959 /* swap-usage.swift in Sources */,
				FA41D2392DB97DA000C85EF6 /* network-interfaces.service.swift in Sources */,
				FAB178FE2DB3C08000D75037 /* battery-info.swift in Sources */,
				FAB178E52DB12F1A00D75037 /* system-info.service.swift in Sources */,
				FA8518F62DC0FD6300102959 /* application.swift in Sources */,
				FAB178F82DB273CC00D75037 /* cpu-consumption.service.swift in Sources */,
				FAB178F42DB17D2200D75037 /* byte-formatter.swift in Sources */,
				FAB178FC2DB27FF700D75037 /* cpu-consumption.view-model.swift in Sources */,
				FA41D23B2DBA7BC400C85EF6 /* network-interface.swift in Sources */,
				FA41D2412DBBA15F00C85EF6 /* processes.service.swift in Sources */,
				FAA790902DB84C3900ABA487 /* wifi.swift in Sources */,
				FA8518F82DC1101800102959 /* applications.view-model.swift in Sources */,
				FA41D2452DBBCFAA00C85EF6 /* processes.view-model.swift in Sources */,
				FA8518F02DBFF69C00102959 /* geolocation.view-model.swift in Sources */,
				FAB178E72DB141BC00D75037 /* ram-memory-consumption.swift in Sources */,
				FA8518FE2DC94BE600102959 /* usb-event.swift in Sources */,
				FAB178E02DB12DAF00D75037 /* system-info.swift in Sources */,
				FAB178B32DB1256900D75037 /* almaden_agentApp.swift in Sources */,
			);
			runOnlyForDeploymentPostprocessing = 0;
		};
		FAB178BC2DB1256B00D75037 /* Sources */ = {
			isa = PBXSourcesBuildPhase;
			buildActionMask = 2147483647;
			files = (
				FAB178C52DB1256B00D75037 /* almaden_agentTests.swift in Sources */,
			);
			runOnlyForDeploymentPostprocessing = 0;
		};
		FAB178C62DB1256B00D75037 /* Sources */ = {
			isa = PBXSourcesBuildPhase;
			buildActionMask = 2147483647;
			files = (
				FAB178CF2DB1256B00D75037 /* almaden_agentUITests.swift in Sources */,
				FAB178D12DB1256B00D75037 /* almaden_agentUITestsLaunchTests.swift in Sources */,
			);
			runOnlyForDeploymentPostprocessing = 0;
		};
/* End PBXSourcesBuildPhase section */

/* Begin PBXTargetDependency section */
		FAB178C22DB1256B00D75037 /* PBXTargetDependency */ = {
			isa = PBXTargetDependency;
			target = FAB178AE2DB1256900D75037 /* almaden-agent */;
			targetProxy = FAB178C12DB1256B00D75037 /* PBXContainerItemProxy */;
		};
		FAB178CC2DB1256B00D75037 /* PBXTargetDependency */ = {
			isa = PBXTargetDependency;
			target = FAB178AE2DB1256900D75037 /* almaden-agent */;
			targetProxy = FAB178CB2DB1256B00D75037 /* PBXContainerItemProxy */;
		};
/* End PBXTargetDependency section */

/* Begin XCBuildConfiguration section */
		FAB178D22DB1256B00D75037 /* Debug */ = {
			isa = XCBuildConfiguration;
			buildSettings = {
				ALWAYS_SEARCH_USER_PATHS = NO;
				ASSETCATALOG_COMPILER_GENERATE_SWIFT_ASSET_SYMBOL_EXTENSIONS = YES;
				CLANG_ANALYZER_NONNULL = YES;
				CLANG_ANALYZER_NUMBER_OBJECT_CONVERSION = YES_AGGRESSIVE;
				CLANG_CXX_LANGUAGE_STANDARD = "gnu++20";
				CLANG_ENABLE_MODULES = YES;
				CLANG_ENABLE_OBJC_ARC = YES;
				CLANG_ENABLE_OBJC_WEAK = YES;
				CLANG_WARN_BLOCK_CAPTURE_AUTORELEASING = YES;
				CLANG_WARN_BOOL_CONVERSION = YES;
				CLANG_WARN_COMMA = YES;
				CLANG_WARN_CONSTANT_CONVERSION = YES;
				CLANG_WARN_DEPRECATED_OBJC_IMPLEMENTATIONS = YES;
				CLANG_WARN_DIRECT_OBJC_ISA_USAGE = YES_ERROR;
				CLANG_WARN_DOCUMENTATION_COMMENTS = YES;
				CLANG_WARN_EMPTY_BODY = YES;
				CLANG_WARN_ENUM_CONVERSION = YES;
				CLANG_WARN_INFINITE_RECURSION = YES;
				CLANG_WARN_INT_CONVERSION = YES;
				CLANG_WARN_NON_LITERAL_NULL_CONVERSION = YES;
				CLANG_WARN_OBJC_IMPLICIT_RETAIN_SELF = YES;
				CLANG_WARN_OBJC_LITERAL_CONVERSION = YES;
				CLANG_WARN_OBJC_ROOT_CLASS = YES_ERROR;
				CLANG_WARN_QUOTED_INCLUDE_IN_FRAMEWORK_HEADER = YES;
				CLANG_WARN_RANGE_LOOP_ANALYSIS = YES;
				CLANG_WARN_STRICT_PROTOTYPES = YES;
				CLANG_WARN_SUSPICIOUS_MOVE = YES;
				CLANG_WARN_UNGUARDED_AVAILABILITY = YES_AGGRESSIVE;
				CLANG_WARN_UNREACHABLE_CODE = YES;
				CLANG_WARN__DUPLICATE_METHOD_MATCH = YES;
				COPY_PHASE_STRIP = NO;
				DEBUG_INFORMATION_FORMAT = dwarf;
				ENABLE_STRICT_OBJC_MSGSEND = YES;
				ENABLE_TESTABILITY = YES;
				ENABLE_USER_SCRIPT_SANDBOXING = YES;
				GCC_C_LANGUAGE_STANDARD = gnu17;
				GCC_DYNAMIC_NO_PIC = NO;
				GCC_NO_COMMON_BLOCKS = YES;
				GCC_OPTIMIZATION_LEVEL = 0;
				GCC_PREPROCESSOR_DEFINITIONS = (
					"DEBUG=1",
					"$(inherited)",
				);
				GCC_WARN_64_TO_32_BIT_CONVERSION = YES;
				GCC_WARN_ABOUT_RETURN_TYPE = YES_ERROR;
				GCC_WARN_UNDECLARED_SELECTOR = YES;
				GCC_WARN_UNINITIALIZED_AUTOS = YES_AGGRESSIVE;
				GCC_WARN_UNUSED_FUNCTION = YES;
				GCC_WARN_UNUSED_VARIABLE = YES;
				LOCALIZATION_PREFERS_STRING_CATALOGS = YES;
				MACOSX_DEPLOYMENT_TARGET = 14.4;
				MTL_ENABLE_DEBUG_INFO = INCLUDE_SOURCE;
				MTL_FAST_MATH = YES;
				ONLY_ACTIVE_ARCH = YES;
				SDKROOT = macosx;
				SWIFT_ACTIVE_COMPILATION_CONDITIONS = "DEBUG $(inherited)";
				SWIFT_OPTIMIZATION_LEVEL = "-Onone";
			};
			name = Debug;
		};
		FAB178D32DB1256B00D75037 /* Release */ = {
			isa = XCBuildConfiguration;
			buildSettings = {
				ALWAYS_SEARCH_USER_PATHS = NO;
				ASSETCATALOG_COMPILER_GENERATE_SWIFT_ASSET_SYMBOL_EXTENSIONS = YES;
				CLANG_ANALYZER_NONNULL = YES;
				CLANG_ANALYZER_NUMBER_OBJECT_CONVERSION = YES_AGGRESSIVE;
				CLANG_CXX_LANGUAGE_STANDARD = "gnu++20";
				CLANG_ENABLE_MODULES = YES;
				CLANG_ENABLE_OBJC_ARC = YES;
				CLANG_ENABLE_OBJC_WEAK = YES;
				CLANG_WARN_BLOCK_CAPTURE_AUTORELEASING = YES;
				CLANG_WARN_BOOL_CONVERSION = YES;
				CLANG_WARN_COMMA = YES;
				CLANG_WARN_CONSTANT_CONVERSION = YES;
				CLANG_WARN_DEPRECATED_OBJC_IMPLEMENTATIONS = YES;
				CLANG_WARN_DIRECT_OBJC_ISA_USAGE = YES_ERROR;
				CLANG_WARN_DOCUMENTATION_COMMENTS = YES;
				CLANG_WARN_EMPTY_BODY = YES;
				CLANG_WARN_ENUM_CONVERSION = YES;
				CLANG_WARN_INFINITE_RECURSION = YES;
				CLANG_WARN_INT_CONVERSION = YES;
				CLANG_WARN_NON_LITERAL_NULL_CONVERSION = YES;
				CLANG_WARN_OBJC_IMPLICIT_RETAIN_SELF = YES;
				CLANG_WARN_OBJC_LITERAL_CONVERSION = YES;
				CLANG_WARN_OBJC_ROOT_CLASS = YES_ERROR;
				CLANG_WARN_QUOTED_INCLUDE_IN_FRAMEWORK_HEADER = YES;
				CLANG_WARN_RANGE_LOOP_ANALYSIS = YES;
				CLANG_WARN_STRICT_PROTOTYPES = YES;
				CLANG_WARN_SUSPICIOUS_MOVE = YES;
				CLANG_WARN_UNGUARDED_AVAILABILITY = YES_AGGRESSIVE;
				CLANG_WARN_UNREACHABLE_CODE = YES;
				CLANG_WARN__DUPLICATE_METHOD_MATCH = YES;
				COPY_PHASE_STRIP = NO;
				DEBUG_INFORMATION_FORMAT = "dwarf-with-dsym";
				ENABLE_NS_ASSERTIONS = NO;
				ENABLE_STRICT_OBJC_MSGSEND = YES;
				ENABLE_USER_SCRIPT_SANDBOXING = YES;
				GCC_C_LANGUAGE_STANDARD = gnu17;
				GCC_NO_COMMON_BLOCKS = YES;
				GCC_WARN_64_TO_32_BIT_CONVERSION = YES;
				GCC_WARN_ABOUT_RETURN_TYPE = YES_ERROR;
				GCC_WARN_UNDECLARED_SELECTOR = YES;
				GCC_WARN_UNINITIALIZED_AUTOS = YES_AGGRESSIVE;
				GCC_WARN_UNUSED_FUNCTION = YES;
				GCC_WARN_UNUSED_VARIABLE = YES;
				LOCALIZATION_PREFERS_STRING_CATALOGS = YES;
				MACOSX_DEPLOYMENT_TARGET = 14.4;
				MTL_ENABLE_DEBUG_INFO = NO;
				MTL_FAST_MATH = YES;
				SDKROOT = macosx;
				SWIFT_COMPILATION_MODE = wholemodule;
			};
			name = Release;
		};
		FAB178D52DB1256B00D75037 /* Debug */ = {
			isa = XCBuildConfiguration;
			buildSettings = {
				ASSETCATALOG_COMPILER_GLOBAL_ACCENT_COLOR_NAME = AccentColor;
				ASSETCATALOG_COMPILER_INCLUDE_ALL_APPICON_ASSETS = NO;
				CODE_SIGN_ENTITLEMENTS = "almaden-agent/almaden_agent.entitlements";
				"CODE_SIGN_IDENTITY[sdk=macosx*]" = "-";
				CODE_SIGN_STYLE = Automatic;
				COMBINE_HIDPI_IMAGES = YES;
				CURRENT_PROJECT_VERSION = 1;
				DEVELOPMENT_ASSET_PATHS = "\"almaden-agent/Preview Content\"";
				DEVELOPMENT_TEAM = A7N2KA2C47;
				ENABLE_PREVIEWS = YES;
				GENERATE_INFOPLIST_FILE = YES;
				INFOPLIST_FILE = "almaden-agent/Info.plist";
				INFOPLIST_KEY_LSApplicationCategoryType = "public.app-category.productivity";
				INFOPLIST_KEY_NSHumanReadableCopyright = "";
				LD_RUNPATH_SEARCH_PATHS = (
					"$(inherited)",
					"@executable_path/../Frameworks",
				);
				MACOSX_DEPLOYMENT_TARGET = 11.0;
				MARKETING_VERSION = 1.0;
				ONLY_ACTIVE_ARCH = YES;
				PRODUCT_BUNDLE_IDENTIFIER = "Almaden-LTDA.almaden-agent";
				PRODUCT_NAME = "$(TARGET_NAME)";
				SWIFT_EMIT_LOC_STRINGS = YES;
				"SWIFT_OBJC_BRIDGING_HEADER[arch=*]" = "$(PROJECT_DIR)/$(PROJECT_NAME)/bridge/IOKitBridge.h";
				SWIFT_VERSION = 5.0;
			};
			name = Debug;
		};
		FAB178D62DB1256B00D75037 /* Release */ = {
			isa = XCBuildConfiguration;
			buildSettings = {
				ASSETCATALOG_COMPILER_GLOBAL_ACCENT_COLOR_NAME = AccentColor;
				ASSETCATALOG_COMPILER_INCLUDE_ALL_APPICON_ASSETS = NO;
				CODE_SIGN_ENTITLEMENTS = "almaden-agent/almaden_agent.entitlements";
				"CODE_SIGN_IDENTITY[sdk=macosx*]" = "-";
				CODE_SIGN_STYLE = Automatic;
				COMBINE_HIDPI_IMAGES = YES;
				CURRENT_PROJECT_VERSION = 1;
				DEVELOPMENT_ASSET_PATHS = "\"almaden-agent/Preview Content\"";
				DEVELOPMENT_TEAM = A7N2KA2C47;
				ENABLE_PREVIEWS = YES;
				GENERATE_INFOPLIST_FILE = YES;
				INFOPLIST_FILE = "almaden-agent/Info.plist";
				INFOPLIST_KEY_LSApplicationCategoryType = "public.app-category.productivity";
				INFOPLIST_KEY_NSHumanReadableCopyright = "";
				LD_RUNPATH_SEARCH_PATHS = (
					"$(inherited)",
					"@executable_path/../Frameworks",
				);
				MACOSX_DEPLOYMENT_TARGET = 11.0;
				MARKETING_VERSION = 1.0;
				ONLY_ACTIVE_ARCH = NO;
				PRODUCT_BUNDLE_IDENTIFIER = "Almaden-LTDA.almaden-agent";
				PRODUCT_NAME = "$(TARGET_NAME)";
				SWIFT_EMIT_LOC_STRINGS = YES;
				"SWIFT_OBJC_BRIDGING_HEADER[arch=*]" = "$(PROJECT_DIR)/$(PROJECT_NAME)/bridge/IOKitBridge.h";
				SWIFT_VERSION = 5.0;
			};
			name = Release;
		};
		FAB178D82DB1256B00D75037 /* Debug */ = {
			isa = XCBuildConfiguration;
			buildSettings = {
				ALWAYS_EMBED_SWIFT_STANDARD_LIBRARIES = YES;
				BUNDLE_LOADER = "$(TEST_HOST)";
				CODE_SIGN_STYLE = Automatic;
				CURRENT_PROJECT_VERSION = 1;
				GENERATE_INFOPLIST_FILE = YES;
				MACOSX_DEPLOYMENT_TARGET = 14.4;
				MARKETING_VERSION = 1.0;
				PRODUCT_BUNDLE_IDENTIFIER = "Almaden-LTDA.almaden-agentTests";
				PRODUCT_NAME = "$(TARGET_NAME)";
				SWIFT_EMIT_LOC_STRINGS = NO;
				SWIFT_VERSION = 5.0;
				TEST_HOST = "$(BUILT_PRODUCTS_DIR)/almaden-agent.app/$(BUNDLE_EXECUTABLE_FOLDER_PATH)/almaden-agent";
			};
			name = Debug;
		};
		FAB178D92DB1256B00D75037 /* Release */ = {
			isa = XCBuildConfiguration;
			buildSettings = {
				ALWAYS_EMBED_SWIFT_STANDARD_LIBRARIES = YES;
				BUNDLE_LOADER = "$(TEST_HOST)";
				CODE_SIGN_STYLE = Automatic;
				CURRENT_PROJECT_VERSION = 1;
				GENERATE_INFOPLIST_FILE = YES;
				MACOSX_DEPLOYMENT_TARGET = 14.4;
				MARKETING_VERSION = 1.0;
				PRODUCT_BUNDLE_IDENTIFIER = "Almaden-LTDA.almaden-agentTests";
				PRODUCT_NAME = "$(TARGET_NAME)";
				SWIFT_EMIT_LOC_STRINGS = NO;
				SWIFT_VERSION = 5.0;
				TEST_HOST = "$(BUILT_PRODUCTS_DIR)/almaden-agent.app/$(BUNDLE_EXECUTABLE_FOLDER_PATH)/almaden-agent";
			};
			name = Release;
		};
		FAB178DB2DB1256B00D75037 /* Debug */ = {
			isa = XCBuildConfiguration;
			buildSettings = {
				ALWAYS_EMBED_SWIFT_STANDARD_LIBRARIES = YES;
				CODE_SIGN_STYLE = Automatic;
				CURRENT_PROJECT_VERSION = 1;
				GENERATE_INFOPLIST_FILE = YES;
				MARKETING_VERSION = 1.0;
				PRODUCT_BUNDLE_IDENTIFIER = "Almaden-LTDA.almaden-agentUITests";
				PRODUCT_NAME = "$(TARGET_NAME)";
				SWIFT_EMIT_LOC_STRINGS = NO;
				SWIFT_VERSION = 5.0;
				TEST_TARGET_NAME = "almaden-agent";
			};
			name = Debug;
		};
		FAB178DC2DB1256B00D75037 /* Release */ = {
			isa = XCBuildConfiguration;
			buildSettings = {
				ALWAYS_EMBED_SWIFT_STANDARD_LIBRARIES = YES;
				CODE_SIGN_STYLE = Automatic;
				CURRENT_PROJECT_VERSION = 1;
				GENERATE_INFOPLIST_FILE = YES;
				MARKETING_VERSION = 1.0;
				PRODUCT_BUNDLE_IDENTIFIER = "Almaden-LTDA.almaden-agentUITests";
				PRODUCT_NAME = "$(TARGET_NAME)";
				SWIFT_EMIT_LOC_STRINGS = NO;
				SWIFT_VERSION = 5.0;
				TEST_TARGET_NAME = "almaden-agent";
			};
			name = Release;
		};
/* End XCBuildConfiguration section */

/* Begin XCConfigurationList section */
		FAB178AA2DB1256900D75037 /* Build configuration list for PBXProject "almaden-agent" */ = {
			isa = XCConfigurationList;
			buildConfigurations = (
				FAB178D22DB1256B00D75037 /* Debug */,
				FAB178D32DB1256B00D75037 /* Release */,
			);
			defaultConfigurationIsVisible = 0;
			defaultConfigurationName = Release;
		};
		FAB178D42DB1256B00D75037 /* Build configuration list for PBXNativeTarget "almaden-agent" */ = {
			isa = XCConfigurationList;
			buildConfigurations = (
				FAB178D52DB1256B00D75037 /* Debug */,
				FAB178D62DB1256B00D75037 /* Release */,
			);
			defaultConfigurationIsVisible = 0;
			defaultConfigurationName = Release;
		};
		FAB178D72DB1256B00D75037 /* Build configuration list for PBXNativeTarget "almaden-agentTests" */ = {
			isa = XCConfigurationList;
			buildConfigurations = (
				FAB178D82DB1256B00D75037 /* Debug */,
				FAB178D92DB1256B00D75037 /* Release */,
			);
			defaultConfigurationIsVisible = 0;
			defaultConfigurationName = Release;
		};
		FAB178DA2DB1256B00D75037 /* Build configuration list for PBXNativeTarget "almaden-agentUITests" */ = {
			isa = XCConfigurationList;
			buildConfigurations = (
				FAB178DB2DB1256B00D75037 /* Debug */,
				FAB178DC2DB1256B00D75037 /* Release */,
			);
			defaultConfigurationIsVisible = 0;
			defaultConfigurationName = Release;
		};
/* End XCConfigurationList section */
	};
	rootObject = FAB178A72DB1256900D75037 /* Project object */;
}
